# This file is generated by running "yarn install" inside your project.
# Manual changes might be lost - proceed with caution!

__metadata:
  version: 8
  cacheKey: 10c0

"event-manager-front-end@workspace:.":
  version: 0.0.0-use.local
  resolution: "event-manager-front-end@workspace:."
  dependencies:
    tailwindcss: "npm:^4.1.11"
  languageName: unknown
  linkType: soft

"tailwindcss@npm:^4.1.11":
  version: 4.1.11
  resolution: "tailwindcss@npm:4.1.11"
  checksum: 10c0/e23eed0a0d6557b3aff8ba320b82758988ca67c351ee9b33dfc646e83a64f6eaeca6183dfc97e931f7b2fab46e925090066edd697d2ede3f396c9fdeb4af24c1
  languageName: node
  linkType: hard
